// !$*UTF8*$!
{
	archiveVersion = 1;
	classes = {
	};
	objectVersion = 46;
	objects = {

/* Begin PBXBuildFile section */
		76C82E431CDD317B0082545A /* AppDelegate.swift in Sources */ = {isa = PBXBuildFile; fileRef = 76C82E421CDD317B0082545A /* AppDelegate.swift */; };
		76C82E481CDD317B0082545A /* Main.storyboard in Resources */ = {isa = PBXBuildFile; fileRef = 76C82E461CDD317B0082545A /* Main.storyboard */; };
		76C82E4B1CDD317B0082545A /* Kilroy.xcdatamodeld in Sources */ = {isa = PBXBuildFile; fileRef = 76C82E491CDD317B0082545A /* Kilroy.xcdatamodeld */; };
		76C82E4D1CDD317B0082545A /* Assets.xcassets in Resources */ = {isa = PBXBuildFile; fileRef = 76C82E4C1CDD317B0082545A /* Assets.xcassets */; };
		76C82E501CDD317B0082545A /* LaunchScreen.storyboard in Resources */ = {isa = PBXBuildFile; fileRef = 76C82E4E1CDD317B0082545A /* LaunchScreen.storyboard */; };
		76C82E5A1CDD34740082545A /* Entry+CoreDataProperties.swift in Sources */ = {isa = PBXBuildFile; fileRef = 76C82E581CDD34740082545A /* Entry+CoreDataProperties.swift */; };
		76C82E5B1CDD34740082545A /* Entry.swift in Sources */ = {isa = PBXBuildFile; fileRef = 76C82E591CDD34740082545A /* Entry.swift */; };
		76C82E5D1CDD39F80082545A /* MainTableViewController.swift in Sources */ = {isa = PBXBuildFile; fileRef = 76C82E5C1CDD39F80082545A /* MainTableViewController.swift */; };
		76C82E5F1CDD3D2D0082545A /* MapKit.framework in Frameworks */ = {isa = PBXBuildFile; fileRef = 76C82E5E1CDD3D2D0082545A /* MapKit.framework */; };
/* End PBXBuildFile section */

/* Begin PBXFileReference section */
		76C82E3F1CDD317B0082545A /* Kilroy.app */ = {isa = PBXFileReference; explicitFileType = wrapper.application; includeInIndex = 0; path = Kilroy.app; sourceTree = BUILT_PRODUCTS_DIR; };
		76C82E421CDD317B0082545A /* AppDelegate.swift */ = {isa = PBXFileReference; lastKnownFileType = sourcecode.swift; path = AppDelegate.swift; sourceTree = "<group>"; };
		76C82E471CDD317B0082545A /* Base */ = {isa = PBXFileReference; lastKnownFileType = file.storyboard; name = Base; path = Base.lproj/Main.storyboard; sourceTree = "<group>"; };
		76C82E4A1CDD317B0082545A /* Kilroy.xcdatamodel */ = {isa = PBXFileReference; lastKnownFileType = wrapper.xcdatamodel; path = Kilroy.xcdatamodel; sourceTree = "<group>"; };
		76C82E4C1CDD317B0082545A /* Assets.xcassets */ = {isa = PBXFileReference; lastKnownFileType = folder.assetcatalog; path = Assets.xcassets; sourceTree = "<group>"; };
		76C82E4F1CDD317B0082545A /* Base */ = {isa = PBXFileReference; lastKnownFileType = file.storyboard; name = Base; path = Base.lproj/LaunchScreen.storyboard; sourceTree = "<group>"; };
		76C82E511CDD317B0082545A /* Info.plist */ = {isa = PBXFileReference; lastKnownFileType = text.plist.xml; path = Info.plist; sourceTree = "<group>"; };
		76C82E581CDD34740082545A /* Entry+CoreDataProperties.swift */ = {isa = PBXFileReference; fileEncoding = 4; lastKnownFileType = sourcecode.swift; path = "Entry+CoreDataProperties.swift"; sourceTree = "<group>"; };
		76C82E591CDD34740082545A /* Entry.swift */ = {isa = PBXFileReference; fileEncoding = 4; lastKnownFileType = sourcecode.swift; path = Entry.swift; sourceTree = "<group>"; };
		76C82E5C1CDD39F80082545A /* MainTableViewController.swift */ = {isa = PBXFileReference; fileEncoding = 4; lastKnownFileType = sourcecode.swift; path = MainTableViewController.swift; sourceTree = "<group>"; };
		76C82E5E1CDD3D2D0082545A /* MapKit.framework */ = {isa = PBXFileReference; lastKnownFileType = wrapper.framework; name = MapKit.framework; path = System/Library/Frameworks/MapKit.framework; sourceTree = SDKROOT; };
/* End PBXFileReference section */

/* Begin PBXFrameworksBuildPhase section */
		76C82E3C1CDD317B0082545A /* Frameworks */ = {
			isa = PBXFrameworksBuildPhase;
			buildActionMask = 2147483647;
			files = (
				76C82E5F1CDD3D2D0082545A /* MapKit.framework in Frameworks */,
			);
			runOnlyForDeploymentPostprocessing = 0;
		};
/* End PBXFrameworksBuildPhase section */

/* Begin PBXGroup section */
		76C82E361CDD317B0082545A = {
			isa = PBXGroup;
			children = (
				76C82E5E1CDD3D2D0082545A /* MapKit.framework */,
				76C82E581CDD34740082545A /* Entry+CoreDataProperties.swift */,
				76C82E591CDD34740082545A /* Entry.swift */,
				76C82E411CDD317B0082545A /* Kilroy */,
				76C82E401CDD317B0082545A /* Products */,
			);
			sourceTree = "<group>";
		};
		76C82E401CDD317B0082545A /* Products */ = {
			isa = PBXGroup;
			children = (
				76C82E3F1CDD317B0082545A /* Kilroy.app */,
			);
			name = Products;
			sourceTree = "<group>";
		};
		76C82E411CDD317B0082545A /* Kilroy */ = {
			isa = PBXGroup;
			children = (
				76C82E571CDD32CA0082545A /* Support Files */,
				76C82E461CDD317B0082545A /* Main.storyboard */,
				76C82E491CDD317B0082545A /* Kilroy.xcdatamodeld */,
				76C82E5C1CDD39F80082545A /* MainTableViewController.swift */,
			);
			path = Kilroy;
			sourceTree = "<group>";
		};
		76C82E571CDD32CA0082545A /* Support Files */ = {
			isa = PBXGroup;
			children = (
				76C82E421CDD317B0082545A /* AppDelegate.swift */,
				76C82E4C1CDD317B0082545A /* Assets.xcassets */,
				76C82E4E1CDD317B0082545A /* LaunchScreen.storyboard */,
				76C82E511CDD317B0082545A /* Info.plist */,
			);
			name = "Support Files";
			sourceTree = "<group>";
		};
/* End PBXGroup section */

/* Begin PBXNativeTarget section */
		76C82E3E1CDD317B0082545A /* Kilroy */ = {
			isa = PBXNativeTarget;
			buildConfigurationList = 76C82E541CDD317B0082545A /* Build configuration list for PBXNativeTarget "Kilroy" */;
			buildPhases = (
				76C82E3B1CDD317B0082545A /* Sources */,
				76C82E3C1CDD317B0082545A /* Frameworks */,
				76C82E3D1CDD317B0082545A /* Resources */,
			);
			buildRules = (
			);
			dependencies = (
			);
			name = Kilroy;
			productName = Kilroy;
			productReference = 76C82E3F1CDD317B0082545A /* Kilroy.app */;
			productType = "com.apple.product-type.application";
		};
/* End PBXNativeTarget section */

/* Begin PBXProject section */
		76C82E371CDD317B0082545A /* Project object */ = {
			isa = PBXProject;
			attributes = {
				LastSwiftUpdateCheck = 0730;
				LastUpgradeCheck = 0730;
				ORGANIZATIONNAME = "City of Toronto - Public Health";
				TargetAttributes = {
					76C82E3E1CDD317B0082545A = {
						CreatedOnToolsVersion = 7.3;
						SystemCapabilities = {
							com.apple.Maps.iOS = {
								enabled = 1;
							};
						};
					};
				};
			};
			buildConfigurationList = 76C82E3A1CDD317B0082545A /* Build configuration list for PBXProject "Kilroy" */;
			compatibilityVersion = "Xcode 3.2";
			developmentRegion = English;
			hasScannedForEncodings = 0;
			knownRegions = (
				en,
				Base,
			);
			mainGroup = 76C82E361CDD317B0082545A;
			productRefGroup = 76C82E401CDD317B0082545A /* Products */;
			projectDirPath = "";
			projectRoot = "";
			targets = (
				76C82E3E1CDD317B0082545A /* Kilroy */,
			);
		};
/* End PBXProject section */

/* Begin PBXResourcesBuildPhase section */
		76C82E3D1CDD317B0082545A /* Resources */ = {
			isa = PBXResourcesBuildPhase;
			buildActionMask = 2147483647;
			files = (
				76C82E501CDD317B0082545A /* LaunchScreen.storyboard in Resources */,
				76C82E4D1CDD317B0082545A /* Assets.xcassets in Resources */,
				76C82E481CDD317B0082545A /* Main.storyboard in Resources */,
			);
			runOnlyForDeploymentPostprocessing = 0;
		};
/* End PBXResourcesBuildPhase section */

/* Begin PBXSourcesBuildPhase section */
		76C82E3B1CDD317B0082545A /* Sources */ = {
			isa = PBXSourcesBuildPhase;
			buildActionMask = 2147483647;
			files = (
				76C82E5B1CDD34740082545A /* Entry.swift in Sources */,
				76C82E4B1CDD317B0082545A /* Kilroy.xcdatamodeld in Sources */,
				76C82E5A1CDD34740082545A /* Entry+CoreDataProperties.swift in Sources */,
				76C82E5D1CDD39F80082545A /* MainTableViewController.swift in Sources */,
				76C82E431CDD317B0082545A /* AppDelegate.swift in Sources */,
			);
			runOnlyForDeploymentPostprocessing = 0;
		};
/* End PBXSourcesBuildPhase section */

/* Begin PBXVariantGroup section */
		76C82E461CDD317B0082545A /* Main.storyboard */ = {
			isa = PBXVariantGroup;
			children = (
				76C82E471CDD317B0082545A /* Base */,
			);
			name = Main.storyboard;
			sourceTree = "<group>";
		};
		76C82E4E1CDD317B0082545A /* LaunchScreen.storyboard */ = {
			isa = PBXVariantGroup;
			children = (
				76C82E4F1CDD317B0082545A /* Base */,
			);
			name = LaunchScreen.storyboard;
			sourceTree = "<group>";
		};
/* End PBXVariantGroup section */

/* Begin XCBuildConfiguration section */
		76C82E521CDD317B0082545A /* Debug */ = {
			isa = XCBuildConfiguration;
			buildSettings = {
				ALWAYS_SEARCH_USER_PATHS = NO;
				CLANG_ANALYZER_NONNULL = YES;
				CLANG_CXX_LANGUAGE_STANDARD = "gnu++0x";
				CLANG_CXX_LIBRARY = "libc++";
				CLANG_ENABLE_MODULES = YES;
				CLANG_ENABLE_OBJC_ARC = YES;
				CLANG_WARN_BOOL_CONVERSION = YES;
				CLANG_WARN_CONSTANT_CONVERSION = YES;
				CLANG_WARN_DIRECT_OBJC_ISA_USAGE = YES_ERROR;
				CLANG_WARN_EMPTY_BODY = YES;
				CLANG_WARN_ENUM_CONVERSION = YES;
				CLANG_WARN_INT_CONVERSION = YES;
				CLANG_WARN_OBJC_ROOT_CLASS = YES_ERROR;
				CLANG_WARN_UNREACHABLE_CODE = YES;
				CLANG_WARN__DUPLICATE_METHOD_MATCH = YES;
				"CODE_SIGN_IDENTITY[sdk=iphoneos*]" = "iPhone Developer";
				COPY_PHASE_STRIP = NO;
				DEBUG_INFORMATION_FORMAT = dwarf;
				ENABLE_STRICT_OBJC_MSGSEND = YES;
				ENABLE_TESTABILITY = YES;
				GCC_C_LANGUAGE_STANDARD = gnu99;
				GCC_DYNAMIC_NO_PIC = NO;
				GCC_NO_COMMON_BLOCKS = YES;
				GCC_OPTIMIZATION_LEVEL = 0;
				GCC_PREPROCESSOR_DEFINITIONS = (
					"DEBUG=1",
					"$(inherited)",
				);
				GCC_WARN_64_TO_32_BIT_CONVERSION = YES;
				GCC_WARN_ABOUT_RETURN_TYPE = YES_ERROR;
				GCC_WARN_UNDECLARED_SELECTOR = YES;
				GCC_WARN_UNINITIALIZED_AUTOS = YES_AGGRESSIVE;
				GCC_WARN_UNUSED_FUNCTION = YES;
				GCC_WARN_UNUSED_VARIABLE = YES;
				IPHONEOS_DEPLOYMENT_TARGET = 9.3;
				MTL_ENABLE_DEBUG_INFO = YES;
				ONLY_ACTIVE_ARCH = YES;
				SDKROOT = iphoneos;
				SWIFT_OPTIMIZATION_LEVEL = "-Onone";
				TARGETED_DEVICE_FAMILY = "1,2";
			};
			name = Debug;
		};
		76C82E531CDD317B0082545A /* Release */ = {
			isa = XCBuildConfiguration;
			buildSettings = {
				ALWAYS_SEARCH_USER_PATHS = NO;
				CLANG_ANALYZER_NONNULL = YES;
				CLANG_CXX_LANGUAGE_STANDARD = "gnu++0x";
				CLANG_CXX_LIBRARY = "libc++";
				CLANG_ENABLE_MODULES = YES;
				CLANG_ENABLE_OBJC_ARC = YES;
				CLANG_WARN_BOOL_CONVERSION = YES;
				CLANG_WARN_CONSTANT_CONVERSION = YES;
				CLANG_WARN_DIRECT_OBJC_ISA_USAGE = YES_ERROR;
				CLANG_WARN_EMPTY_BODY = YES;
				CLANG_WARN_ENUM_CONVERSION = YES;
				CLANG_WARN_INT_CONVERSION = YES;
				CLANG_WARN_OBJC_ROOT_CLASS = YES_ERROR;
				CLANG_WARN_UNREACHABLE_CODE = YES;
				CLANG_WARN__DUPLICATE_METHOD_MATCH = YES;
				"CODE_SIGN_IDENTITY[sdk=iphoneos*]" = "iPhone Developer";
				COPY_PHASE_STRIP = NO;
				DEBUG_INFORMATION_FORMAT = "dwarf-with-dsym";
				ENABLE_NS_ASSERTIONS = NO;
				ENABLE_STRICT_OBJC_MSGSEND = YES;
				GCC_C_LANGUAGE_STANDARD = gnu99;
				GCC_NO_COMMON_BLOCKS = YES;
				GCC_WARN_64_TO_32_BIT_CONVERSION = YES;
				GCC_WARN_ABOUT_RETURN_TYPE = YES_ERROR;
				GCC_WARN_UNDECLARED_SELECTOR = YES;
				GCC_WARN_UNINITIALIZED_AUTOS = YES_AGGRESSIVE;
				GCC_WARN_UNUSED_FUNCTION = YES;
				GCC_WARN_UNUSED_VARIABLE = YES;
				IPHONEOS_DEPLOYMENT_TARGET = 9.3;
				MTL_ENABLE_DEBUG_INFO = NO;
				SDKROOT = iphoneos;
				TARGETED_DEVICE_FAMILY = "1,2";
				VALIDATE_PRODUCT = YES;
			};
			name = Release;
		};
		76C82E551CDD317B0082545A /* Debug */ = {
			isa = XCBuildConfiguration;
			buildSettings = {
				ASSETCATALOG_COMPILER_APPICON_NAME = AppIcon;
				INFOPLIST_FILE = Kilroy/Info.plist;
				LD_RUNPATH_SEARCH_PATHS = "$(inherited) @executable_path/Frameworks";
				PRODUCT_BUNDLE_IDENTIFIER = ca.jamesroberthugginsngo.Kilroy;
				PRODUCT_NAME = "$(TARGET_NAME)";
			};
			name = Debug;
		};
		76C82E561CDD317B0082545A /* Release */ = {
			isa = XCBuildConfiguration;
			buildSettings = {
				ASSETCATALOG_COMPILER_APPICON_NAME = AppIcon;
				INFOPLIST_FILE = Kilroy/Info.plist;
				LD_RUNPATH_SEARCH_PATHS = "$(inherited) @executable_path/Frameworks";
				PRODUCT_BUNDLE_IDENTIFIER = ca.jamesroberthugginsngo.Kilroy;
				PRODUCT_NAME = "$(TARGET_NAME)";
			};
			name = Release;
		};
/* End XCBuildConfiguration section */

/* Begin XCConfigurationList section */
		76C82E3A1CDD317B0082545A /* Build configuration list for PBXProject "Kilroy" */ = {
			isa = XCConfigurationList;
			buildConfigurations = (
				76C82E521CDD317B0082545A /* Debug */,
				76C82E531CDD317B0082545A /* Release */,
			);
			defaultConfigurationIsVisible = 0;
			defaultConfigurationName = Release;
		};
		76C82E541CDD317B0082545A /* Build configuration list for PBXNativeTarget "Kilroy" */ = {
			isa = XCConfigurationList;
			buildConfigurations = (
				76C82E551CDD317B0082545A /* Debug */,
				76C82E561CDD317B0082545A /* Release */,
			);
			defaultConfigurationIsVisible = 0;
		};
/* End XCConfigurationList section */

/* Begin XCVersionGroup section */
		76C82E491CDD317B0082545A /* Kilroy.xcdatamodeld */ = {
			isa = XCVersionGroup;
			children = (
				76C82E4A1CDD317B0082545A /* Kilroy.xcdatamodel */,
			);
			currentVersion = 76C82E4A1CDD317B0082545A /* Kilroy.xcdatamodel */;
			path = Kilroy.xcdatamodeld;
			sourceTree = "<group>";
			versionGroupType = wrapper.xcdatamodel;
		};
/* End XCVersionGroup section */
	};
	rootObject = 76C82E371CDD317B0082545A /* Project object */;
}
